
Microsoft Visual Studio Solution File, Format Version 12.00
# Visual Studio Version 17
VisualStudioVersion = 17.9.34728.123
MinimumVisualStudioVersion = 10.0.40219.1
Project("{FAE04EC0-301F-11D3-BF4B-00C04F79EFBC}") = "Lesson3_DZ", "Lesson3_DZ.csproj", "{5C4E98C9-9A47-4B8D-86B2-DF7B30C895F6}"
EndProject
Global
	GlobalSection(SolutionConfigurationPlatforms) = preSolution
		Debug|Any CPU = Debug|Any CPU
		Release|Any CPU = Release|Any CPU
	EndGlobalSection
	GlobalSection(ProjectConfigurationPlatforms) = postSolution
		{5C4E98C9-9A47-4B8D-86B2-DF7B30C895F6}.Debug|Any CPU.ActiveCfg = Debug|Any CPU
		{5C4E98C9-9A47-4B8D-86B2-DF7B30C895F6}.Debug|Any CPU.Build.0 = Debug|Any CPU
		{5C4E98C9-9A47-4B8D-86B2-DF7B30C895F6}.Release|Any CPU.ActiveCfg = Release|Any CPU
		{5C4E98C9-9A47-4B8D-86B2-DF7B30C895F6}.Release|Any CPU.Build.0 = Release|Any CPU
	EndGlobalSection
	GlobalSection(SolutionProperties) = preSolution
		HideSolutionNode = FALSE
	EndGlobalSection
	GlobalSection(ExtensibilityGlobals) = postSolution
		SolutionGuid = {9CB62312-9B6D-4082-BC3C-04EF2C1F6F52}
	EndGlobalSection
EndGlobal
